
Microsoft Visual Studio Solution File, Format Version 12.00
# Visual Studio Version 16
VisualStudioVersion = 16.0.32901.82
MinimumVisualStudioVersion = 10.0.40219.1
Project("{9A19103F-16F7-4668-BE54-9A1E7A4F7556}") = "Population", "Population\Application\Population.csproj", "{976B72AB-D07F-4BF3-A639-95EA67B883F2}"
EndProject
Project("{2150E333-8FDC-42A3-9474-1A3956D46DE8}") = "Source", "Source", "{2FBB9A75-7B37-4512-A9A0-1F1ADF0E5FB2}"
EndProject
Project("{2150E333-8FDC-42A3-9474-1A3956D46DE8}") = "Tests", "Tests", "{31ABF211-5556-496F-8553-0DB667CF7368}"
EndProject
Project("{2150E333-8FDC-42A3-9474-1A3956D46DE8}") = "Population", "Population", "{9C2419A7-F01F-4DCF-9F61-18252BAC02D6}"
EndProject
Project("{FAE04EC0-301F-11D3-BF4B-00C04F79EFBC}") = "PopulationTests", "..\Tests\PopulationTests\PopulationTests.csproj", "{2D85FDDA-24DC-498C-9233-774ADE2F3803}"
EndProject
Project("{2150E333-8FDC-42A3-9474-1A3956D46DE8}") = "common", "common", "{B1C3C730-3FF0-4F4C-B5C7-D60AD1FCBBFF}"
EndProject
Project("{2150E333-8FDC-42A3-9474-1A3956D46DE8}") = "TestHelper", "TestHelper", "{9B97CE6B-EF36-4C57-871F-B5C6B46F2C20}"
EndProject
Project("{9A19103F-16F7-4668-BE54-9A1E7A4F7556}") = "Helper.Tests", "..\Tests\common\TestHelper\Helper.Tests.csproj", "{204E4E8C-5F93-4A1F-A556-C6E92F0D784E}"
EndProject
Global
	GlobalSection(SolutionConfigurationPlatforms) = preSolution
		Debug|Any CPU = Debug|Any CPU
		Debug|x64 = Debug|x64
		Debug|x86 = Debug|x86
		Release|Any CPU = Release|Any CPU
		Release|x64 = Release|x64
		Release|x86 = Release|x86
	EndGlobalSection
	GlobalSection(ProjectConfigurationPlatforms) = postSolution
		{976B72AB-D07F-4BF3-A639-95EA67B883F2}.Debug|Any CPU.ActiveCfg = Debug|Any CPU
		{976B72AB-D07F-4BF3-A639-95EA67B883F2}.Debug|Any CPU.Build.0 = Debug|Any CPU
		{976B72AB-D07F-4BF3-A639-95EA67B883F2}.Debug|x64.ActiveCfg = Debug|Any CPU
		{976B72AB-D07F-4BF3-A639-95EA67B883F2}.Debug|x64.Build.0 = Debug|Any CPU
		{976B72AB-D07F-4BF3-A639-95EA67B883F2}.Debug|x86.ActiveCfg = Debug|Any CPU
		{976B72AB-D07F-4BF3-A639-95EA67B883F2}.Debug|x86.Build.0 = Debug|Any CPU
		{976B72AB-D07F-4BF3-A639-95EA67B883F2}.Release|Any CPU.ActiveCfg = Release|Any CPU
		{976B72AB-D07F-4BF3-A639-95EA67B883F2}.Release|Any CPU.Build.0 = Release|Any CPU
		{976B72AB-D07F-4BF3-A639-95EA67B883F2}.Release|x64.ActiveCfg = Release|Any CPU
		{976B72AB-D07F-4BF3-A639-95EA67B883F2}.Release|x64.Build.0 = Release|Any CPU
		{976B72AB-D07F-4BF3-A639-95EA67B883F2}.Release|x86.ActiveCfg = Release|Any CPU
		{976B72AB-D07F-4BF3-A639-95EA67B883F2}.Release|x86.Build.0 = Release|Any CPU
		{2D85FDDA-24DC-498C-9233-774ADE2F3803}.Debug|Any CPU.ActiveCfg = Debug|Any CPU
		{2D85FDDA-24DC-498C-9233-774ADE2F3803}.Debug|Any CPU.Build.0 = Debug|Any CPU
		{2D85FDDA-24DC-498C-9233-774ADE2F3803}.Debug|x64.ActiveCfg = Debug|Any CPU
		{2D85FDDA-24DC-498C-9233-774ADE2F3803}.Debug|x64.Build.0 = Debug|Any CPU
		{2D85FDDA-24DC-498C-9233-774ADE2F3803}.Debug|x86.ActiveCfg = Debug|Any CPU
		{2D85FDDA-24DC-498C-9233-774ADE2F3803}.Debug|x86.Build.0 = Debug|Any CPU
		{2D85FDDA-24DC-498C-9233-774ADE2F3803}.Release|Any CPU.ActiveCfg = Release|Any CPU
		{2D85FDDA-24DC-498C-9233-774ADE2F3803}.Release|Any CPU.Build.0 = Release|Any CPU
		{2D85FDDA-24DC-498C-9233-774ADE2F3803}.Release|x64.ActiveCfg = Release|Any CPU
		{2D85FDDA-24DC-498C-9233-774ADE2F3803}.Release|x64.Build.0 = Release|Any CPU
		{2D85FDDA-24DC-498C-9233-774ADE2F3803}.Release|x86.ActiveCfg = Release|Any CPU
		{2D85FDDA-24DC-498C-9233-774ADE2F3803}.Release|x86.Build.0 = Release|Any CPU
		{204E4E8C-5F93-4A1F-A556-C6E92F0D784E}.Debug|Any CPU.ActiveCfg = Debug|Any CPU
		{204E4E8C-5F93-4A1F-A556-C6E92F0D784E}.Debug|Any CPU.Build.0 = Debug|Any CPU
		{204E4E8C-5F93-4A1F-A556-C6E92F0D784E}.Debug|x64.ActiveCfg = Debug|Any CPU
		{204E4E8C-5F93-4A1F-A556-C6E92F0D784E}.Debug|x64.Build.0 = Debug|Any CPU
		{204E4E8C-5F93-4A1F-A556-C6E92F0D784E}.Debug|x86.ActiveCfg = Debug|Any CPU
		{204E4E8C-5F93-4A1F-A556-C6E92F0D784E}.Debug|x86.Build.0 = Debug|Any CPU
		{204E4E8C-5F93-4A1F-A556-C6E92F0D784E}.Release|Any CPU.ActiveCfg = Release|Any CPU
		{204E4E8C-5F93-4A1F-A556-C6E92F0D784E}.Release|Any CPU.Build.0 = Release|Any CPU
		{204E4E8C-5F93-4A1F-A556-C6E92F0D784E}.Release|x64.ActiveCfg = Release|Any CPU
		{204E4E8C-5F93-4A1F-A556-C6E92F0D784E}.Release|x64.Build.0 = Release|Any CPU
		{204E4E8C-5F93-4A1F-A556-C6E92F0D784E}.Release|x86.ActiveCfg = Release|Any CPU
		{204E4E8C-5F93-4A1F-A556-C6E92F0D784E}.Release|x86.Build.0 = Release|Any CPU
	EndGlobalSection
	GlobalSection(SolutionProperties) = preSolution
		HideSolutionNode = FALSE
	EndGlobalSection
	GlobalSection(NestedProjects) = preSolution
		{976B72AB-D07F-4BF3-A639-95EA67B883F2} = {2FBB9A75-7B37-4512-A9A0-1F1ADF0E5FB2}
		{9C2419A7-F01F-4DCF-9F61-18252BAC02D6} = {31ABF211-5556-496F-8553-0DB667CF7368}
		{2D85FDDA-24DC-498C-9233-774ADE2F3803} = {9C2419A7-F01F-4DCF-9F61-18252BAC02D6}
		{B1C3C730-3FF0-4F4C-B5C7-D60AD1FCBBFF} = {31ABF211-5556-496F-8553-0DB667CF7368}
		{9B97CE6B-EF36-4C57-871F-B5C6B46F2C20} = {B1C3C730-3FF0-4F4C-B5C7-D60AD1FCBBFF}
		{204E4E8C-5F93-4A1F-A556-C6E92F0D784E} = {9B97CE6B-EF36-4C57-871F-B5C6B46F2C20}
	EndGlobalSection
	GlobalSection(ExtensibilityGlobals) = postSolution
		SolutionGuid = {BB4AC4A3-B3ED-4F4B-A16B-283E5E62670E}
	EndGlobalSection
EndGlobal
